# This file is generated by running "yarn install" inside your project.
# Manual changes might be lost - proceed with caution!

__metadata:
  version: 6
  cacheKey: 8

"@ampproject/remapping@npm:^2.2.1":
  version: 2.2.1
  resolution: "@ampproject/remapping@npm:2.2.1"
  dependencies:
    "@jridgewell/gen-mapping": ^0.3.0
    "@jridgewell/trace-mapping": ^0.3.9
  checksum: 03c04fd526acc64a1f4df22651186f3e5ef0a9d6d6530ce4482ec9841269cf7a11dbb8af79237c282d721c5312024ff17529cd72cc4768c11e999b58e2302079
  languageName: node
  linkType: hard

"@jridgewell/gen-mapping@npm:^0.3.0":
  version: 0.3.3
  resolution: "@jridgewell/gen-mapping@npm:0.3.3"
  dependencies:
    "@jridgewell/set-array": ^1.0.1
    "@jridgewell/sourcemap-codec": ^1.4.10
    "@jridgewell/trace-mapping": ^0.3.9
  checksum: 4a74944bd31f22354fc01c3da32e83c19e519e3bbadafa114f6da4522ea77dd0c2842607e923a591d60a76699d819a2fbb6f3552e277efdb9b58b081390b60ab
  languageName: node
  linkType: hard

"@jridgewell/resolve-uri@npm:^3.1.0":
  version: 3.1.1
  resolution: "@jridgewell/resolve-uri@npm:3.1.1"
  checksum: f5b441fe7900eab4f9155b3b93f9800a916257f4e8563afbcd3b5a5337b55e52bd8ae6735453b1b745457d9f6cdb16d74cd6220bbdd98cf153239e13f6cbb653
  languageName: node
  linkType: hard

"@jridgewell/set-array@npm:^1.0.1":
  version: 1.1.2
  resolution: "@jridgewell/set-array@npm:1.1.2"
  checksum: 69a84d5980385f396ff60a175f7177af0b8da4ddb81824cb7016a9ef914eee9806c72b6b65942003c63f7983d4f39a5c6c27185bbca88eb4690b62075602e28e
  languageName: node
  linkType: hard

"@jridgewell/sourcemap-codec@npm:^1.4.10, @jridgewell/sourcemap-codec@npm:^1.4.14, @jridgewell/sourcemap-codec@npm:^1.4.15":
  version: 1.4.15
  resolution: "@jridgewell/sourcemap-codec@npm:1.4.15"
  checksum: b881c7e503db3fc7f3c1f35a1dd2655a188cc51a3612d76efc8a6eb74728bef5606e6758ee77423e564092b4a518aba569bbb21c9bac5ab7a35b0c6ae7e344c8
  languageName: node
  linkType: hard

"@jridgewell/trace-mapping@npm:^0.3.18, @jridgewell/trace-mapping@npm:^0.3.9":
  version: 0.3.19
  resolution: "@jridgewell/trace-mapping@npm:0.3.19"
  dependencies:
    "@jridgewell/resolve-uri": ^3.1.0
    "@jridgewell/sourcemap-codec": ^1.4.14
  checksum: 956a6f0f6fec060fb48c6bf1f5ec2064e13cd38c8be3873877d4b92b4a27ba58289a34071752671262a3e3c202abcc3fa2aac64d8447b4b0fa1ba3c9047f1c20
  languageName: node
  linkType: hard

"@types/estree@npm:*, @types/estree@npm:^1.0.0, @types/estree@npm:^1.0.1":
  version: 1.0.1
  resolution: "@types/estree@npm:1.0.1"
  checksum: e9aa175eacb797216fafce4d41e8202c7a75555bc55232dee0f9903d7171f8f19f0ae7d5191bb1a88cb90e65468be508c0df850a9fb81b4433b293a5a749899d
  languageName: node
  linkType: hard

"acorn@npm:^8.10.0, acorn@npm:^8.9.0":
  version: 8.10.0
  resolution: "acorn@npm:8.10.0"
  bin:
    acorn: bin/acorn
  checksum: 538ba38af0cc9e5ef983aee196c4b8b4d87c0c94532334fa7e065b2c8a1f85863467bb774231aae91613fcda5e68740c15d97b1967ae3394d20faddddd8af61d
  languageName: node
  linkType: hard

"aria-query@npm:^5.3.0":
  version: 5.3.0
  resolution: "aria-query@npm:5.3.0"
  dependencies:
    dequal: ^2.0.3
  checksum: 305bd73c76756117b59aba121d08f413c7ff5e80fa1b98e217a3443fcddb9a232ee790e24e432b59ae7625aebcf4c47cb01c2cac872994f0b426f5bdfcd96ba9
  languageName: node
  linkType: hard

"axobject-query@npm:^3.2.1":
  version: 3.2.1
  resolution: "axobject-query@npm:3.2.1"
  dependencies:
    dequal: ^2.0.3
  checksum: a94047e702b57c91680e6a952ec4a1aaa2cfd0d80ead76bc8c954202980d8c51968a6ea18b4d8010e8e2cf95676533d8022a8ebba9abc1dfe25686721df26fd2
  languageName: node
  linkType: hard

"code-red@npm:^1.0.3":
  version: 1.0.4
  resolution: "code-red@npm:1.0.4"
  dependencies:
    "@jridgewell/sourcemap-codec": ^1.4.15
    "@types/estree": ^1.0.1
    acorn: ^8.10.0
    estree-walker: ^3.0.3
    periscopic: ^3.1.0
  checksum: ca534d9daf0fb50f8180dd5cb2de9f670264584d1132e00743967c626888a253639023ae147687201b50d25e2fa31c2d100908d7a9286721c47e05c0079b64bd
  languageName: node
  linkType: hard

"css-tree@npm:^2.3.1":
  version: 2.3.1
  resolution: "css-tree@npm:2.3.1"
  dependencies:
    mdn-data: 2.0.30
    source-map-js: ^1.0.1
  checksum: 493cc24b5c22b05ee5314b8a0d72d8a5869491c1458017ae5ed75aeb6c3596637dbe1b11dac2548974624adec9f7a1f3a6cf40593dc1f9185eb0e8279543fbc0
  languageName: node
  linkType: hard

"dequal@npm:^2.0.3":
  version: 2.0.3
  resolution: "dequal@npm:2.0.3"
  checksum: 8679b850e1a3d0ebbc46ee780d5df7b478c23f335887464023a631d1b9af051ad4a6595a44220f9ff8ff95a8ddccf019b5ad778a976fd7bbf77383d36f412f90
  languageName: node
  linkType: hard

"estree-walker@npm:^3.0.0, estree-walker@npm:^3.0.3":
  version: 3.0.3
  resolution: "estree-walker@npm:3.0.3"
  dependencies:
    "@types/estree": ^1.0.0
  checksum: a65728d5727b71de172c5df323385755a16c0fdab8234dc756c3854cfee343261ddfbb72a809a5660fac8c75d960bb3e21aa898c2d7e9b19bb298482ca58a3af
  languageName: node
  linkType: hard

"is-reference@npm:^3.0.0, is-reference@npm:^3.0.1":
  version: 3.0.1
  resolution: "is-reference@npm:3.0.1"
  dependencies:
    "@types/estree": "*"
  checksum: 12c316d16191961938057e949c9f59ecac3c00c8101005a81ee351fde0775590238939c294ecac3a371400eb85d4b2556675396ebd4db821b767c145df28623f
  languageName: node
  linkType: hard

"locate-character@npm:^3.0.0":
  version: 3.0.0
  resolution: "locate-character@npm:3.0.0"
  checksum: 2d9e9f45e2dce7464c016ed6d81ebc938bc9c656392f7d6858308ab6fdaa57bcd4b6b479291d49e7db4047e3f321ddadbe78355f349b7974b203f19674e277cc
  languageName: node
  linkType: hard

"magic-string@npm:^0.30.0":
  version: 0.30.2
  resolution: "magic-string@npm:0.30.2"
  dependencies:
    "@jridgewell/sourcemap-codec": ^1.4.15
  checksum: c0bbb9b27b2772e6bfaa5d0f6452d47c462d588ae7c43fbaac062b07836d3ec0140fcdd42a57aa53ed990abafcdd0fc17907813921b5df04eccf43e67674bc57
  languageName: node
  linkType: hard

"mdn-data@npm:2.0.30":
  version: 2.0.30
  resolution: "mdn-data@npm:2.0.30"
  checksum: d6ac5ac7439a1607df44b22738ecf83f48e66a0874e4482d6424a61c52da5cde5750f1d1229b6f5fa1b80a492be89465390da685b11f97d62b8adcc6e88189aa
  languageName: node
  linkType: hard

"periscopic@npm:^3.1.0":
  version: 3.1.0
  resolution: "periscopic@npm:3.1.0"
  dependencies:
    "@types/estree": ^1.0.0
    estree-walker: ^3.0.0
    is-reference: ^3.0.0
  checksum: 2153244352e58a0d76e7e8d9263e66fe74509495f809af388da20045fb30aa3e93f2f94468dc0b9166ecf206fcfc0d73d2c7641c6fbedc07b1de858b710142cb
  languageName: node
  linkType: hard

"source-map-js@npm:^1.0.1":
  version: 1.0.2
  resolution: "source-map-js@npm:1.0.2"
  checksum: c049a7fc4deb9a7e9b481ae3d424cc793cb4845daa690bc5a05d428bf41bf231ced49b4cf0c9e77f9d42fdb3d20d6187619fc586605f5eabe995a316da8d377c
  languageName: node
  linkType: hard

"svelte@npm:^4.2.0":
  version: 4.2.0
  resolution: "svelte@npm:4.2.0"
  dependencies:
    "@ampproject/remapping": ^2.2.1
    "@jridgewell/sourcemap-codec": ^1.4.15
    "@jridgewell/trace-mapping": ^0.3.18
    acorn: ^8.9.0
    aria-query: ^5.3.0
    axobject-query: ^3.2.1
    code-red: ^1.0.3
    css-tree: ^2.3.1
    estree-walker: ^3.0.3
    is-reference: ^3.0.1
    locate-character: ^3.0.0
    magic-string: ^0.30.0
    periscopic: ^3.1.0
  checksum: 2555f222c210a751fff85596adc5a1f0e1ebe7e0499ec7c35b5e8111200271ba0cd0cedeef637dc66f43f4866ad17240f89187bfbaf2ca8fff9a522fc7c4369f
  languageName: node
  linkType: hard

"svelte@workspace:.":
  version: 0.0.0-use.local
  resolution: "svelte@workspace:."
  dependencies:
    svelte: ^4.2.0
  languageName: unknown
  linkType: soft
