# This file is generated by running "yarn install" inside your project.
# Manual changes might be lost - proceed with caution!

__metadata:
  version: 6
  cacheKey: 8

"gsap@npm:^3.12.2":
  version: 3.12.2
  resolution: "gsap@npm:3.12.2"
  checksum: e3e9709f9ca60cee0ef7fd91f45a232a48b550f95b6df090dfffe2511fccc651408476de575b69c1c2ce80b6089b6ad0d4854beb58ea427f14e51a30b0640a70
  languageName: node
  linkType: hard

"svelte@workspace:.":
  version: 0.0.0-use.local
  resolution: "svelte@workspace:."
  dependencies:
    gsap: ^3.12.2
  languageName: unknown
  linkType: soft
